
Microsoft Visual Studio Solution File, Format Version 12.00
# Visual Studio 15
VisualStudioVersion = 15.0.26403.3
MinimumVisualStudioVersion = 10.0.40219.1
Project("{9A19103F-16F7-4668-BE54-9A1E7A4F7556}") = "PeterJuhasz.AspNetCore.Extensions.Security", "src\PeterJuhasz.AspNetCore.Extensions.Security\PeterJuhasz.AspNetCore.Extensions.Security.csproj", "{3352FBF1-317B-48A0-8D11-46550C62539A}"
EndProject
Project("{9A19103F-16F7-4668-BE54-9A1E7A4F7556}") = "XXSSProtectionHeader", "src\XXSSProtectionHeader\XXSSProtectionHeader.csproj", "{1653137C-AA19-4C68-847E-02B2494B35F3}"
EndProject
Project("{FAE04EC0-301F-11D3-BF4B-00C04F79EFBC}") = "XDownloadOptionsHeader", "src\XDownloadOptionsHeader\XDownloadOptionsHeader.csproj", "{C20660CF-D100-4BC5-956D-25B06B4056E7}"
EndProject
Project("{9A19103F-16F7-4668-BE54-9A1E7A4F7556}") = "XUACompatibleHeader", "src\XUACompatibleHeader\XUACompatibleHeader.csproj", "{EC2259B2-3ADF-4DFE-93F8-1E05ACA01B24}"
EndProject
Project("{9A19103F-16F7-4668-BE54-9A1E7A4F7556}") = "FrameOptionsHeader", "src\FrameOptionsHeader\FrameOptionsHeader.csproj", "{3C625D82-90DA-48CC-82AD-8C2D1C0A1D55}"
EndProject
Project("{9A19103F-16F7-4668-BE54-9A1E7A4F7556}") = "HttpStrictTransportSecurityHeader", "src\HttpStrictTransportSecurityHeader\HttpStrictTransportSecurityHeader.csproj", "{27EC8EF4-73C8-4DD5-947A-B92B0765F6A0}"
EndProject
Global
	GlobalSection(SolutionConfigurationPlatforms) = preSolution
		Debug|Any CPU = Debug|Any CPU
		Release|Any CPU = Release|Any CPU
	EndGlobalSection
	GlobalSection(ProjectConfigurationPlatforms) = postSolution
		{3352FBF1-317B-48A0-8D11-46550C62539A}.Debug|Any CPU.ActiveCfg = Debug|Any CPU
		{3352FBF1-317B-48A0-8D11-46550C62539A}.Debug|Any CPU.Build.0 = Debug|Any CPU
		{3352FBF1-317B-48A0-8D11-46550C62539A}.Release|Any CPU.ActiveCfg = Release|Any CPU
		{3352FBF1-317B-48A0-8D11-46550C62539A}.Release|Any CPU.Build.0 = Release|Any CPU
		{1653137C-AA19-4C68-847E-02B2494B35F3}.Debug|Any CPU.ActiveCfg = Debug|Any CPU
		{1653137C-AA19-4C68-847E-02B2494B35F3}.Debug|Any CPU.Build.0 = Debug|Any CPU
		{1653137C-AA19-4C68-847E-02B2494B35F3}.Release|Any CPU.ActiveCfg = Release|Any CPU
		{1653137C-AA19-4C68-847E-02B2494B35F3}.Release|Any CPU.Build.0 = Release|Any CPU
		{C20660CF-D100-4BC5-956D-25B06B4056E7}.Debug|Any CPU.ActiveCfg = Debug|Any CPU
		{C20660CF-D100-4BC5-956D-25B06B4056E7}.Debug|Any CPU.Build.0 = Debug|Any CPU
		{C20660CF-D100-4BC5-956D-25B06B4056E7}.Release|Any CPU.ActiveCfg = Release|Any CPU
		{C20660CF-D100-4BC5-956D-25B06B4056E7}.Release|Any CPU.Build.0 = Release|Any CPU
		{EC2259B2-3ADF-4DFE-93F8-1E05ACA01B24}.Debug|Any CPU.ActiveCfg = Debug|Any CPU
		{EC2259B2-3ADF-4DFE-93F8-1E05ACA01B24}.Debug|Any CPU.Build.0 = Debug|Any CPU
		{EC2259B2-3ADF-4DFE-93F8-1E05ACA01B24}.Release|Any CPU.ActiveCfg = Release|Any CPU
		{EC2259B2-3ADF-4DFE-93F8-1E05ACA01B24}.Release|Any CPU.Build.0 = Release|Any CPU
		{3C625D82-90DA-48CC-82AD-8C2D1C0A1D55}.Debug|Any CPU.ActiveCfg = Debug|Any CPU
		{3C625D82-90DA-48CC-82AD-8C2D1C0A1D55}.Debug|Any CPU.Build.0 = Debug|Any CPU
		{3C625D82-90DA-48CC-82AD-8C2D1C0A1D55}.Release|Any CPU.ActiveCfg = Release|Any CPU
		{3C625D82-90DA-48CC-82AD-8C2D1C0A1D55}.Release|Any CPU.Build.0 = Release|Any CPU
		{27EC8EF4-73C8-4DD5-947A-B92B0765F6A0}.Debug|Any CPU.ActiveCfg = Debug|Any CPU
		{27EC8EF4-73C8-4DD5-947A-B92B0765F6A0}.Debug|Any CPU.Build.0 = Debug|Any CPU
		{27EC8EF4-73C8-4DD5-947A-B92B0765F6A0}.Release|Any CPU.ActiveCfg = Release|Any CPU
		{27EC8EF4-73C8-4DD5-947A-B92B0765F6A0}.Release|Any CPU.Build.0 = Release|Any CPU
	EndGlobalSection
	GlobalSection(SolutionProperties) = preSolution
		HideSolutionNode = FALSE
	EndGlobalSection
EndGlobal
