
Microsoft Visual Studio Solution File, Format Version 12.00
# Visual Studio Version 16
VisualStudioVersion = 16.0.29411.138
MinimumVisualStudioVersion = 10.0.40219.1
Project("{9A19103F-16F7-4668-BE54-9A1E7A4F7556}") = "XXSSProtection", "src\XXSSProtection\XXSSProtection.csproj", "{1653137C-AA19-4C68-847E-02B2494B35F3}"
EndProject
Project("{9A19103F-16F7-4668-BE54-9A1E7A4F7556}") = "XDownloadOptions", "src\XDownloadOptions\XDownloadOptions.csproj", "{C20660CF-D100-4BC5-956D-25B06B4056E7}"
EndProject
Project("{9A19103F-16F7-4668-BE54-9A1E7A4F7556}") = "XUACompatible", "src\XUACompatible\XUACompatible.csproj", "{EC2259B2-3ADF-4DFE-93F8-1E05ACA01B24}"
EndProject
Project("{9A19103F-16F7-4668-BE54-9A1E7A4F7556}") = "FrameOptions", "src\FrameOptions\FrameOptions.csproj", "{3C625D82-90DA-48CC-82AD-8C2D1C0A1D55}"
EndProject
Project("{9A19103F-16F7-4668-BE54-9A1E7A4F7556}") = "XPermittedCrossDomainPolicies", "src\XPermittedCrossDomainPolicies\XPermittedCrossDomainPolicies.csproj", "{445B1EBE-8092-4F6C-814E-3346CE37A364}"
EndProject
Project("{9A19103F-16F7-4668-BE54-9A1E7A4F7556}") = "ReferrerPolicy", "src\ReferrerPolicy\ReferrerPolicy.csproj", "{E1E6FB65-D42D-4973-B4CC-4A8189701B81}"
EndProject
Project("{9A19103F-16F7-4668-BE54-9A1E7A4F7556}") = "XRobotsTag", "src\XRobotsTag\XRobotsTag.csproj", "{934AEB16-8D4C-4103-A8B3-8EDC3D011C7B}"
EndProject
Project("{9A19103F-16F7-4668-BE54-9A1E7A4F7556}") = "RedirectPolicy", "src\RedirectPolicy\RedirectPolicy.csproj", "{09A22489-8A60-47C5-980B-473DB540DBE0}"
EndProject
Project("{9A19103F-16F7-4668-BE54-9A1E7A4F7556}") = "XContentTypeOptions", "src\XContentTypeOptions\XContentTypeOptions.csproj", "{A4A345D5-DFF8-4005-B202-9AD646DA1707}"
EndProject
Project("{9A19103F-16F7-4668-BE54-9A1E7A4F7556}") = "ContentSecurityPolicy", "src\ContentSecurityPolicy\ContentSecurityPolicy.csproj", "{DE103A99-151F-4AF8-BD8C-8EA26A003023}"
EndProject
Project("{2150E333-8FDC-42A3-9474-1A3956D46DE8}") = "Solution Items", "Solution Items", "{BAD0F703-0B66-4F14-A7A4-C9C773793F12}"
	ProjectSection(SolutionItems) = preProject
		CHANGELOG.md = CHANGELOG.md
		src\PeterJuhasz.AspNetCore.Security.Extensions\PeterJuhasz.AspNetCore.Security.Extensions.nuspec = src\PeterJuhasz.AspNetCore.Security.Extensions\PeterJuhasz.AspNetCore.Security.Extensions.nuspec
		README.md = README.md
	EndProjectSection
EndProject
Project("{9A19103F-16F7-4668-BE54-9A1E7A4F7556}") = "ExpectCT", "src\ExpectCT\ExpectCT.csproj", "{51BBCE5B-8324-450A-895E-829C64E4A0B6}"
EndProject
Project("{9A19103F-16F7-4668-BE54-9A1E7A4F7556}") = "HttpPublicKeyPinning", "src\HttpPublicKeyPinning\HttpPublicKeyPinning.csproj", "{9178555C-8207-40E5-BEFB-F7F6463BD3B0}"
EndProject
Project("{9A19103F-16F7-4668-BE54-9A1E7A4F7556}") = "FeaturePolicy", "src\FeaturePolicy\FeaturePolicy.csproj", "{65DDD0F8-08C6-4148-B35A-C75BDCD755D5}"
EndProject
Project("{9A19103F-16F7-4668-BE54-9A1E7A4F7556}") = "RequireAuthenticatedIdentity", "src\RequireAuthenticatedIdentity\RequireAuthenticatedIdentity.csproj", "{54F26154-8409-4DC5-A81B-D7C4C50D8E7D}"
EndProject
Project("{9A19103F-16F7-4668-BE54-9A1E7A4F7556}") = "NoOpener", "src\NoOpener\NoOpener.csproj", "{ECD1EB29-55EA-4519-B49C-F01B5C2436EC}"
EndProject
Project("{9A19103F-16F7-4668-BE54-9A1E7A4F7556}") = "SubresourceIntegrity", "src\SubresourceIntegrity\SubresourceIntegrity.csproj", "{2153E7E2-AFB4-4989-A312-D34AE29B3BEC}"
EndProject
Project("{9A19103F-16F7-4668-BE54-9A1E7A4F7556}") = "UpgradeInsecureResources", "src\UpgradeInsecureResources\UpgradeInsecureResources.csproj", "{634B34AD-6811-48E5-9BFE-E3987AE75BBB}"
EndProject
Project("{9A19103F-16F7-4668-BE54-9A1E7A4F7556}") = "ReportTo", "src\ReportTo\ReportTo.csproj", "{CD2A1CDD-0837-4554-8FF7-88D61B486019}"
EndProject
Project("{9A19103F-16F7-4668-BE54-9A1E7A4F7556}") = "PermissionsPolicy", "src\PermissionsPolicy\PermissionsPolicy.csproj", "{0AE15607-7A67-480B-B5CE-5C973DDEA194}"
EndProject
Global
	GlobalSection(SolutionConfigurationPlatforms) = preSolution
		Debug|Any CPU = Debug|Any CPU
		Release|Any CPU = Release|Any CPU
	EndGlobalSection
	GlobalSection(ProjectConfigurationPlatforms) = postSolution
		{1653137C-AA19-4C68-847E-02B2494B35F3}.Debug|Any CPU.ActiveCfg = Debug|Any CPU
		{1653137C-AA19-4C68-847E-02B2494B35F3}.Debug|Any CPU.Build.0 = Debug|Any CPU
		{1653137C-AA19-4C68-847E-02B2494B35F3}.Release|Any CPU.ActiveCfg = Release|Any CPU
		{1653137C-AA19-4C68-847E-02B2494B35F3}.Release|Any CPU.Build.0 = Release|Any CPU
		{C20660CF-D100-4BC5-956D-25B06B4056E7}.Debug|Any CPU.ActiveCfg = Debug|Any CPU
		{C20660CF-D100-4BC5-956D-25B06B4056E7}.Debug|Any CPU.Build.0 = Debug|Any CPU
		{C20660CF-D100-4BC5-956D-25B06B4056E7}.Release|Any CPU.ActiveCfg = Release|Any CPU
		{C20660CF-D100-4BC5-956D-25B06B4056E7}.Release|Any CPU.Build.0 = Release|Any CPU
		{EC2259B2-3ADF-4DFE-93F8-1E05ACA01B24}.Debug|Any CPU.ActiveCfg = Debug|Any CPU
		{EC2259B2-3ADF-4DFE-93F8-1E05ACA01B24}.Debug|Any CPU.Build.0 = Debug|Any CPU
		{EC2259B2-3ADF-4DFE-93F8-1E05ACA01B24}.Release|Any CPU.ActiveCfg = Release|Any CPU
		{EC2259B2-3ADF-4DFE-93F8-1E05ACA01B24}.Release|Any CPU.Build.0 = Release|Any CPU
		{3C625D82-90DA-48CC-82AD-8C2D1C0A1D55}.Debug|Any CPU.ActiveCfg = Debug|Any CPU
		{3C625D82-90DA-48CC-82AD-8C2D1C0A1D55}.Debug|Any CPU.Build.0 = Debug|Any CPU
		{3C625D82-90DA-48CC-82AD-8C2D1C0A1D55}.Release|Any CPU.ActiveCfg = Release|Any CPU
		{3C625D82-90DA-48CC-82AD-8C2D1C0A1D55}.Release|Any CPU.Build.0 = Release|Any CPU
		{445B1EBE-8092-4F6C-814E-3346CE37A364}.Debug|Any CPU.ActiveCfg = Debug|Any CPU
		{445B1EBE-8092-4F6C-814E-3346CE37A364}.Debug|Any CPU.Build.0 = Debug|Any CPU
		{445B1EBE-8092-4F6C-814E-3346CE37A364}.Release|Any CPU.ActiveCfg = Release|Any CPU
		{445B1EBE-8092-4F6C-814E-3346CE37A364}.Release|Any CPU.Build.0 = Release|Any CPU
		{E1E6FB65-D42D-4973-B4CC-4A8189701B81}.Debug|Any CPU.ActiveCfg = Debug|Any CPU
		{E1E6FB65-D42D-4973-B4CC-4A8189701B81}.Debug|Any CPU.Build.0 = Debug|Any CPU
		{E1E6FB65-D42D-4973-B4CC-4A8189701B81}.Release|Any CPU.ActiveCfg = Release|Any CPU
		{E1E6FB65-D42D-4973-B4CC-4A8189701B81}.Release|Any CPU.Build.0 = Release|Any CPU
		{934AEB16-8D4C-4103-A8B3-8EDC3D011C7B}.Debug|Any CPU.ActiveCfg = Debug|Any CPU
		{934AEB16-8D4C-4103-A8B3-8EDC3D011C7B}.Debug|Any CPU.Build.0 = Debug|Any CPU
		{934AEB16-8D4C-4103-A8B3-8EDC3D011C7B}.Release|Any CPU.ActiveCfg = Release|Any CPU
		{934AEB16-8D4C-4103-A8B3-8EDC3D011C7B}.Release|Any CPU.Build.0 = Release|Any CPU
		{09A22489-8A60-47C5-980B-473DB540DBE0}.Debug|Any CPU.ActiveCfg = Debug|Any CPU
		{09A22489-8A60-47C5-980B-473DB540DBE0}.Debug|Any CPU.Build.0 = Debug|Any CPU
		{09A22489-8A60-47C5-980B-473DB540DBE0}.Release|Any CPU.ActiveCfg = Release|Any CPU
		{09A22489-8A60-47C5-980B-473DB540DBE0}.Release|Any CPU.Build.0 = Release|Any CPU
		{A4A345D5-DFF8-4005-B202-9AD646DA1707}.Debug|Any CPU.ActiveCfg = Debug|Any CPU
		{A4A345D5-DFF8-4005-B202-9AD646DA1707}.Debug|Any CPU.Build.0 = Debug|Any CPU
		{A4A345D5-DFF8-4005-B202-9AD646DA1707}.Release|Any CPU.ActiveCfg = Release|Any CPU
		{A4A345D5-DFF8-4005-B202-9AD646DA1707}.Release|Any CPU.Build.0 = Release|Any CPU
		{DE103A99-151F-4AF8-BD8C-8EA26A003023}.Debug|Any CPU.ActiveCfg = Debug|Any CPU
		{DE103A99-151F-4AF8-BD8C-8EA26A003023}.Debug|Any CPU.Build.0 = Debug|Any CPU
		{DE103A99-151F-4AF8-BD8C-8EA26A003023}.Release|Any CPU.ActiveCfg = Release|Any CPU
		{DE103A99-151F-4AF8-BD8C-8EA26A003023}.Release|Any CPU.Build.0 = Release|Any CPU
		{51BBCE5B-8324-450A-895E-829C64E4A0B6}.Debug|Any CPU.ActiveCfg = Debug|Any CPU
		{51BBCE5B-8324-450A-895E-829C64E4A0B6}.Debug|Any CPU.Build.0 = Debug|Any CPU
		{51BBCE5B-8324-450A-895E-829C64E4A0B6}.Release|Any CPU.ActiveCfg = Release|Any CPU
		{51BBCE5B-8324-450A-895E-829C64E4A0B6}.Release|Any CPU.Build.0 = Release|Any CPU
		{9178555C-8207-40E5-BEFB-F7F6463BD3B0}.Debug|Any CPU.ActiveCfg = Debug|Any CPU
		{9178555C-8207-40E5-BEFB-F7F6463BD3B0}.Debug|Any CPU.Build.0 = Debug|Any CPU
		{9178555C-8207-40E5-BEFB-F7F6463BD3B0}.Release|Any CPU.ActiveCfg = Release|Any CPU
		{9178555C-8207-40E5-BEFB-F7F6463BD3B0}.Release|Any CPU.Build.0 = Release|Any CPU
		{65DDD0F8-08C6-4148-B35A-C75BDCD755D5}.Debug|Any CPU.ActiveCfg = Debug|Any CPU
		{65DDD0F8-08C6-4148-B35A-C75BDCD755D5}.Debug|Any CPU.Build.0 = Debug|Any CPU
		{65DDD0F8-08C6-4148-B35A-C75BDCD755D5}.Release|Any CPU.ActiveCfg = Release|Any CPU
		{65DDD0F8-08C6-4148-B35A-C75BDCD755D5}.Release|Any CPU.Build.0 = Release|Any CPU
		{54F26154-8409-4DC5-A81B-D7C4C50D8E7D}.Debug|Any CPU.ActiveCfg = Debug|Any CPU
		{54F26154-8409-4DC5-A81B-D7C4C50D8E7D}.Debug|Any CPU.Build.0 = Debug|Any CPU
		{54F26154-8409-4DC5-A81B-D7C4C50D8E7D}.Release|Any CPU.ActiveCfg = Release|Any CPU
		{54F26154-8409-4DC5-A81B-D7C4C50D8E7D}.Release|Any CPU.Build.0 = Release|Any CPU
		{ECD1EB29-55EA-4519-B49C-F01B5C2436EC}.Debug|Any CPU.ActiveCfg = Debug|Any CPU
		{ECD1EB29-55EA-4519-B49C-F01B5C2436EC}.Debug|Any CPU.Build.0 = Debug|Any CPU
		{ECD1EB29-55EA-4519-B49C-F01B5C2436EC}.Release|Any CPU.ActiveCfg = Release|Any CPU
		{ECD1EB29-55EA-4519-B49C-F01B5C2436EC}.Release|Any CPU.Build.0 = Release|Any CPU
		{2153E7E2-AFB4-4989-A312-D34AE29B3BEC}.Debug|Any CPU.ActiveCfg = Debug|Any CPU
		{2153E7E2-AFB4-4989-A312-D34AE29B3BEC}.Debug|Any CPU.Build.0 = Debug|Any CPU
		{2153E7E2-AFB4-4989-A312-D34AE29B3BEC}.Release|Any CPU.ActiveCfg = Release|Any CPU
		{2153E7E2-AFB4-4989-A312-D34AE29B3BEC}.Release|Any CPU.Build.0 = Release|Any CPU
		{634B34AD-6811-48E5-9BFE-E3987AE75BBB}.Debug|Any CPU.ActiveCfg = Debug|Any CPU
		{634B34AD-6811-48E5-9BFE-E3987AE75BBB}.Debug|Any CPU.Build.0 = Debug|Any CPU
		{634B34AD-6811-48E5-9BFE-E3987AE75BBB}.Release|Any CPU.ActiveCfg = Release|Any CPU
		{634B34AD-6811-48E5-9BFE-E3987AE75BBB}.Release|Any CPU.Build.0 = Release|Any CPU
		{CD2A1CDD-0837-4554-8FF7-88D61B486019}.Debug|Any CPU.ActiveCfg = Debug|Any CPU
		{CD2A1CDD-0837-4554-8FF7-88D61B486019}.Debug|Any CPU.Build.0 = Debug|Any CPU
		{CD2A1CDD-0837-4554-8FF7-88D61B486019}.Release|Any CPU.ActiveCfg = Release|Any CPU
		{CD2A1CDD-0837-4554-8FF7-88D61B486019}.Release|Any CPU.Build.0 = Release|Any CPU
		{0AE15607-7A67-480B-B5CE-5C973DDEA194}.Debug|Any CPU.ActiveCfg = Debug|Any CPU
		{0AE15607-7A67-480B-B5CE-5C973DDEA194}.Debug|Any CPU.Build.0 = Debug|Any CPU
		{0AE15607-7A67-480B-B5CE-5C973DDEA194}.Release|Any CPU.ActiveCfg = Release|Any CPU
		{0AE15607-7A67-480B-B5CE-5C973DDEA194}.Release|Any CPU.Build.0 = Release|Any CPU
	EndGlobalSection
	GlobalSection(SolutionProperties) = preSolution
		HideSolutionNode = FALSE
	EndGlobalSection
	GlobalSection(ExtensibilityGlobals) = postSolution
		SolutionGuid = {36DE2C3B-AB67-44BF-8E75-4B1C940304DE}
	EndGlobalSection
EndGlobal
