
Microsoft Visual Studio Solution File, Format Version 12.00
# Visual Studio 15
VisualStudioVersion = 15.0.26430.12
MinimumVisualStudioVersion = 10.0.40219.1
Project("{9A19103F-16F7-4668-BE54-9A1E7A4F7556}") = "PeterJuhasz.AspNetCore.Security.Extensions", "src\PeterJuhasz.AspNetCore.Security.Extensions\PeterJuhasz.AspNetCore.Security.Extensions.csproj", "{3352FBF1-317B-48A0-8D11-46550C62539A}"
EndProject
Project("{9A19103F-16F7-4668-BE54-9A1E7A4F7556}") = "XXSSProtection", "src\XXSSProtection\XXSSProtection.csproj", "{1653137C-AA19-4C68-847E-02B2494B35F3}"
EndProject
Project("{9A19103F-16F7-4668-BE54-9A1E7A4F7556}") = "XDownloadOptions", "src\XDownloadOptions\XDownloadOptions.csproj", "{C20660CF-D100-4BC5-956D-25B06B4056E7}"
EndProject
Project("{9A19103F-16F7-4668-BE54-9A1E7A4F7556}") = "XUACompatible", "src\XUACompatible\XUACompatible.csproj", "{EC2259B2-3ADF-4DFE-93F8-1E05ACA01B24}"
EndProject
Project("{9A19103F-16F7-4668-BE54-9A1E7A4F7556}") = "FrameOptions", "src\FrameOptions\FrameOptions.csproj", "{3C625D82-90DA-48CC-82AD-8C2D1C0A1D55}"
EndProject
Project("{9A19103F-16F7-4668-BE54-9A1E7A4F7556}") = "HttpStrictTransportSecurity", "src\HttpStrictTransportSecurity\HttpStrictTransportSecurity.csproj", "{27EC8EF4-73C8-4DD5-947A-B92B0765F6A0}"
EndProject
Project("{9A19103F-16F7-4668-BE54-9A1E7A4F7556}") = "XPermittedCrossDomainPolicies", "src\XPermittedCrossDomainPolicies\XPermittedCrossDomainPolicies.csproj", "{445B1EBE-8092-4F6C-814E-3346CE37A364}"
EndProject
Project("{9A19103F-16F7-4668-BE54-9A1E7A4F7556}") = "ReferrerPolicy", "src\ReferrerPolicy\ReferrerPolicy.csproj", "{E1E6FB65-D42D-4973-B4CC-4A8189701B81}"
EndProject
Project("{9A19103F-16F7-4668-BE54-9A1E7A4F7556}") = "XRobotsTag", "src\XRobotsTag\XRobotsTag.csproj", "{934AEB16-8D4C-4103-A8B3-8EDC3D011C7B}"
EndProject
Project("{9A19103F-16F7-4668-BE54-9A1E7A4F7556}") = "RedirectPolicy", "src\RedirectPolicy\RedirectPolicy.csproj", "{09A22489-8A60-47C5-980B-473DB540DBE0}"
EndProject
Project("{9A19103F-16F7-4668-BE54-9A1E7A4F7556}") = "HttpPublicKeyPinning", "src\HttpPublicKeyPinning\HttpPublicKeyPinning.csproj", "{291F6EDA-29C8-4A4C-AED4-500EB518DB58}"
EndProject
Project("{9A19103F-16F7-4668-BE54-9A1E7A4F7556}") = "XContentTypeOptions", "src\XContentTypeOptions\XContentTypeOptions.csproj", "{A4A345D5-DFF8-4005-B202-9AD646DA1707}"
EndProject
Project("{9A19103F-16F7-4668-BE54-9A1E7A4F7556}") = "ContentSecurityPolicy", "src\ContentSecurityPolicy\ContentSecurityPolicy.csproj", "{DE103A99-151F-4AF8-BD8C-8EA26A003023}"
EndProject
Global
	GlobalSection(SolutionConfigurationPlatforms) = preSolution
		Debug|Any CPU = Debug|Any CPU
		Release|Any CPU = Release|Any CPU
	EndGlobalSection
	GlobalSection(ProjectConfigurationPlatforms) = postSolution
		{3352FBF1-317B-48A0-8D11-46550C62539A}.Debug|Any CPU.ActiveCfg = Debug|Any CPU
		{3352FBF1-317B-48A0-8D11-46550C62539A}.Debug|Any CPU.Build.0 = Debug|Any CPU
		{3352FBF1-317B-48A0-8D11-46550C62539A}.Release|Any CPU.ActiveCfg = Release|Any CPU
		{3352FBF1-317B-48A0-8D11-46550C62539A}.Release|Any CPU.Build.0 = Release|Any CPU
		{1653137C-AA19-4C68-847E-02B2494B35F3}.Debug|Any CPU.ActiveCfg = Debug|Any CPU
		{1653137C-AA19-4C68-847E-02B2494B35F3}.Debug|Any CPU.Build.0 = Debug|Any CPU
		{1653137C-AA19-4C68-847E-02B2494B35F3}.Release|Any CPU.ActiveCfg = Release|Any CPU
		{1653137C-AA19-4C68-847E-02B2494B35F3}.Release|Any CPU.Build.0 = Release|Any CPU
		{C20660CF-D100-4BC5-956D-25B06B4056E7}.Debug|Any CPU.ActiveCfg = Debug|Any CPU
		{C20660CF-D100-4BC5-956D-25B06B4056E7}.Debug|Any CPU.Build.0 = Debug|Any CPU
		{C20660CF-D100-4BC5-956D-25B06B4056E7}.Release|Any CPU.ActiveCfg = Release|Any CPU
		{C20660CF-D100-4BC5-956D-25B06B4056E7}.Release|Any CPU.Build.0 = Release|Any CPU
		{EC2259B2-3ADF-4DFE-93F8-1E05ACA01B24}.Debug|Any CPU.ActiveCfg = Debug|Any CPU
		{EC2259B2-3ADF-4DFE-93F8-1E05ACA01B24}.Debug|Any CPU.Build.0 = Debug|Any CPU
		{EC2259B2-3ADF-4DFE-93F8-1E05ACA01B24}.Release|Any CPU.ActiveCfg = Release|Any CPU
		{EC2259B2-3ADF-4DFE-93F8-1E05ACA01B24}.Release|Any CPU.Build.0 = Release|Any CPU
		{3C625D82-90DA-48CC-82AD-8C2D1C0A1D55}.Debug|Any CPU.ActiveCfg = Debug|Any CPU
		{3C625D82-90DA-48CC-82AD-8C2D1C0A1D55}.Debug|Any CPU.Build.0 = Debug|Any CPU
		{3C625D82-90DA-48CC-82AD-8C2D1C0A1D55}.Release|Any CPU.ActiveCfg = Release|Any CPU
		{3C625D82-90DA-48CC-82AD-8C2D1C0A1D55}.Release|Any CPU.Build.0 = Release|Any CPU
		{27EC8EF4-73C8-4DD5-947A-B92B0765F6A0}.Debug|Any CPU.ActiveCfg = Debug|Any CPU
		{27EC8EF4-73C8-4DD5-947A-B92B0765F6A0}.Debug|Any CPU.Build.0 = Debug|Any CPU
		{27EC8EF4-73C8-4DD5-947A-B92B0765F6A0}.Release|Any CPU.ActiveCfg = Release|Any CPU
		{27EC8EF4-73C8-4DD5-947A-B92B0765F6A0}.Release|Any CPU.Build.0 = Release|Any CPU
		{445B1EBE-8092-4F6C-814E-3346CE37A364}.Debug|Any CPU.ActiveCfg = Debug|Any CPU
		{445B1EBE-8092-4F6C-814E-3346CE37A364}.Debug|Any CPU.Build.0 = Debug|Any CPU
		{445B1EBE-8092-4F6C-814E-3346CE37A364}.Release|Any CPU.ActiveCfg = Release|Any CPU
		{445B1EBE-8092-4F6C-814E-3346CE37A364}.Release|Any CPU.Build.0 = Release|Any CPU
		{E1E6FB65-D42D-4973-B4CC-4A8189701B81}.Debug|Any CPU.ActiveCfg = Debug|Any CPU
		{E1E6FB65-D42D-4973-B4CC-4A8189701B81}.Debug|Any CPU.Build.0 = Debug|Any CPU
		{E1E6FB65-D42D-4973-B4CC-4A8189701B81}.Release|Any CPU.ActiveCfg = Release|Any CPU
		{E1E6FB65-D42D-4973-B4CC-4A8189701B81}.Release|Any CPU.Build.0 = Release|Any CPU
		{934AEB16-8D4C-4103-A8B3-8EDC3D011C7B}.Debug|Any CPU.ActiveCfg = Debug|Any CPU
		{934AEB16-8D4C-4103-A8B3-8EDC3D011C7B}.Debug|Any CPU.Build.0 = Debug|Any CPU
		{934AEB16-8D4C-4103-A8B3-8EDC3D011C7B}.Release|Any CPU.ActiveCfg = Release|Any CPU
		{934AEB16-8D4C-4103-A8B3-8EDC3D011C7B}.Release|Any CPU.Build.0 = Release|Any CPU
		{09A22489-8A60-47C5-980B-473DB540DBE0}.Debug|Any CPU.ActiveCfg = Debug|Any CPU
		{09A22489-8A60-47C5-980B-473DB540DBE0}.Debug|Any CPU.Build.0 = Debug|Any CPU
		{09A22489-8A60-47C5-980B-473DB540DBE0}.Release|Any CPU.ActiveCfg = Release|Any CPU
		{09A22489-8A60-47C5-980B-473DB540DBE0}.Release|Any CPU.Build.0 = Release|Any CPU
		{291F6EDA-29C8-4A4C-AED4-500EB518DB58}.Debug|Any CPU.ActiveCfg = Debug|Any CPU
		{291F6EDA-29C8-4A4C-AED4-500EB518DB58}.Debug|Any CPU.Build.0 = Debug|Any CPU
		{291F6EDA-29C8-4A4C-AED4-500EB518DB58}.Release|Any CPU.ActiveCfg = Release|Any CPU
		{291F6EDA-29C8-4A4C-AED4-500EB518DB58}.Release|Any CPU.Build.0 = Release|Any CPU
		{A4A345D5-DFF8-4005-B202-9AD646DA1707}.Debug|Any CPU.ActiveCfg = Debug|Any CPU
		{A4A345D5-DFF8-4005-B202-9AD646DA1707}.Debug|Any CPU.Build.0 = Debug|Any CPU
		{A4A345D5-DFF8-4005-B202-9AD646DA1707}.Release|Any CPU.ActiveCfg = Release|Any CPU
		{A4A345D5-DFF8-4005-B202-9AD646DA1707}.Release|Any CPU.Build.0 = Release|Any CPU
		{DE103A99-151F-4AF8-BD8C-8EA26A003023}.Debug|Any CPU.ActiveCfg = Debug|Any CPU
		{DE103A99-151F-4AF8-BD8C-8EA26A003023}.Debug|Any CPU.Build.0 = Debug|Any CPU
		{DE103A99-151F-4AF8-BD8C-8EA26A003023}.Release|Any CPU.ActiveCfg = Release|Any CPU
		{DE103A99-151F-4AF8-BD8C-8EA26A003023}.Release|Any CPU.Build.0 = Release|Any CPU
	EndGlobalSection
	GlobalSection(SolutionProperties) = preSolution
		HideSolutionNode = FALSE
	EndGlobalSection
EndGlobal
